
Microsoft Visual Studio Solution File, Format Version 12.00
# Visual Studio Version 16
VisualStudioVersion = 16.0.34301.259
MinimumVisualStudioVersion = 10.0.40219.1
Project("{9A19103F-16F7-4668-BE54-9A1E7A4F7556}") = "BlogLab.Web", "BlogLab.Web\BlogLab.Web.csproj", "{5938E331-FCAD-4DFD-8240-F4DFD807BE8D}"
EndProject
Project("{9A19103F-16F7-4668-BE54-9A1E7A4F7556}") = "BlogLab.Models", "BlogLabModels\BlogLab.Models.csproj", "{1F65FB95-E13C-45FA-A8A7-96E72901AB67}"
EndProject
Project("{9A19103F-16F7-4668-BE54-9A1E7A4F7556}") = "BlogLab.Repository", "BlogLabRepository\BlogLab.Repository.csproj", "{E9B9B72C-8231-410A-A835-B1A9FE4EF4E6}"
EndProject
Project("{9A19103F-16F7-4668-BE54-9A1E7A4F7556}") = "ClassLibrary1", "ClassLibrary1\ClassLibrary1.csproj", "{18280BBD-8976-4E3D-98D0-38C36A262527}"
EndProject
Project("{FAE04EC0-301F-11D3-BF4B-00C04F79EFBC}") = "BlogLab.Identity", "BlogLab.Identity\BlogLab.Identity.csproj", "{5B182CD4-AD46-4C21-B75D-C09451FAF5BA}"
EndProject
Project("{FAE04EC0-301F-11D3-BF4B-00C04F79EFBC}") = "BlogLab.Services", "BlogLab.Services\BlogLab.Services.csproj", "{23329E22-8F57-4567-A309-FE75DE32CCF1}"
EndProject
Global
	GlobalSection(SolutionConfigurationPlatforms) = preSolution
		Debug|Any CPU = Debug|Any CPU
		Release|Any CPU = Release|Any CPU
	EndGlobalSection
	GlobalSection(ProjectConfigurationPlatforms) = postSolution
		{5938E331-FCAD-4DFD-8240-F4DFD807BE8D}.Debug|Any CPU.ActiveCfg = Debug|Any CPU
		{5938E331-FCAD-4DFD-8240-F4DFD807BE8D}.Debug|Any CPU.Build.0 = Debug|Any CPU
		{5938E331-FCAD-4DFD-8240-F4DFD807BE8D}.Release|Any CPU.ActiveCfg = Release|Any CPU
		{5938E331-FCAD-4DFD-8240-F4DFD807BE8D}.Release|Any CPU.Build.0 = Release|Any CPU
		{1F65FB95-E13C-45FA-A8A7-96E72901AB67}.Debug|Any CPU.ActiveCfg = Debug|Any CPU
		{1F65FB95-E13C-45FA-A8A7-96E72901AB67}.Debug|Any CPU.Build.0 = Debug|Any CPU
		{1F65FB95-E13C-45FA-A8A7-96E72901AB67}.Release|Any CPU.ActiveCfg = Release|Any CPU
		{1F65FB95-E13C-45FA-A8A7-96E72901AB67}.Release|Any CPU.Build.0 = Release|Any CPU
		{E9B9B72C-8231-410A-A835-B1A9FE4EF4E6}.Debug|Any CPU.ActiveCfg = Debug|Any CPU
		{E9B9B72C-8231-410A-A835-B1A9FE4EF4E6}.Debug|Any CPU.Build.0 = Debug|Any CPU
		{E9B9B72C-8231-410A-A835-B1A9FE4EF4E6}.Release|Any CPU.ActiveCfg = Release|Any CPU
		{E9B9B72C-8231-410A-A835-B1A9FE4EF4E6}.Release|Any CPU.Build.0 = Release|Any CPU
		{18280BBD-8976-4E3D-98D0-38C36A262527}.Debug|Any CPU.ActiveCfg = Debug|Any CPU
		{18280BBD-8976-4E3D-98D0-38C36A262527}.Debug|Any CPU.Build.0 = Debug|Any CPU
		{18280BBD-8976-4E3D-98D0-38C36A262527}.Release|Any CPU.ActiveCfg = Release|Any CPU
		{18280BBD-8976-4E3D-98D0-38C36A262527}.Release|Any CPU.Build.0 = Release|Any CPU
		{5B182CD4-AD46-4C21-B75D-C09451FAF5BA}.Debug|Any CPU.ActiveCfg = Debug|Any CPU
		{5B182CD4-AD46-4C21-B75D-C09451FAF5BA}.Debug|Any CPU.Build.0 = Debug|Any CPU
		{5B182CD4-AD46-4C21-B75D-C09451FAF5BA}.Release|Any CPU.ActiveCfg = Release|Any CPU
		{5B182CD4-AD46-4C21-B75D-C09451FAF5BA}.Release|Any CPU.Build.0 = Release|Any CPU
		{23329E22-8F57-4567-A309-FE75DE32CCF1}.Debug|Any CPU.ActiveCfg = Debug|Any CPU
		{23329E22-8F57-4567-A309-FE75DE32CCF1}.Debug|Any CPU.Build.0 = Debug|Any CPU
		{23329E22-8F57-4567-A309-FE75DE32CCF1}.Release|Any CPU.ActiveCfg = Release|Any CPU
		{23329E22-8F57-4567-A309-FE75DE32CCF1}.Release|Any CPU.Build.0 = Release|Any CPU
	EndGlobalSection
	GlobalSection(SolutionProperties) = preSolution
		HideSolutionNode = FALSE
	EndGlobalSection
	GlobalSection(ExtensibilityGlobals) = postSolution
		SolutionGuid = {0EA0ED5B-BC03-474B-A0A6-F271B7179AA4}
	EndGlobalSection
EndGlobal
